
Microsoft Visual Studio Solution File, Format Version 12.00
# Visual Studio Version 17
VisualStudioVersion = 17.3.32901.215
MinimumVisualStudioVersion = 10.0.40219.1
Project("{FAE04EC0-301F-11D3-BF4B-00C04F79EFBC}") = "Learn10", "Learn10.csproj", "{B50C5395-413B-48A5-B764-E061B8C0956B}"
EndProject
Global
	GlobalSection(SolutionConfigurationPlatforms) = preSolution
		Debug|Any CPU = Debug|Any CPU
		Release|Any CPU = Release|Any CPU
	EndGlobalSection
	GlobalSection(ProjectConfigurationPlatforms) = postSolution
		{B50C5395-413B-48A5-B764-E061B8C0956B}.Debug|Any CPU.ActiveCfg = Debug|Any CPU
		{B50C5395-413B-48A5-B764-E061B8C0956B}.Debug|Any CPU.Build.0 = Debug|Any CPU
		{B50C5395-413B-48A5-B764-E061B8C0956B}.Release|Any CPU.ActiveCfg = Release|Any CPU
		{B50C5395-413B-48A5-B764-E061B8C0956B}.Release|Any CPU.Build.0 = Release|Any CPU
	EndGlobalSection
	GlobalSection(SolutionProperties) = preSolution
		HideSolutionNode = FALSE
	EndGlobalSection
	GlobalSection(ExtensibilityGlobals) = postSolution
		SolutionGuid = {8429C5B4-FE55-437A-A928-0D8822077D61}
	EndGlobalSection
EndGlobal
