
Microsoft Visual Studio Solution File, Format Version 12.00
# Visual Studio Version 17
VisualStudioVersion = 17.3.32901.215
MinimumVisualStudioVersion = 10.0.40219.1
Project("{9A19103F-16F7-4668-BE54-9A1E7A4F7556}") = "Learn1", "Learn1.csproj", "{CC95658A-9692-4998-BC55-F515A26A9A00}"
EndProject
Project("{9A19103F-16F7-4668-BE54-9A1E7A4F7556}") = "Learn2", "..\Learn2\Learn2.csproj", "{D30867BB-E6C6-4FD6-ACB6-C86A1158D029}"
EndProject
Project("{FAE04EC0-301F-11D3-BF4B-00C04F79EFBC}") = "Learn3", "..\Learn3\Learn3.csproj", "{73CD6A09-B093-45CA-BD66-B1A55E206237}"
EndProject
Global
	GlobalSection(SolutionConfigurationPlatforms) = preSolution
		Debug|Any CPU = Debug|Any CPU
		Release|Any CPU = Release|Any CPU
	EndGlobalSection
	GlobalSection(ProjectConfigurationPlatforms) = postSolution
		{CC95658A-9692-4998-BC55-F515A26A9A00}.Debug|Any CPU.ActiveCfg = Debug|Any CPU
		{CC95658A-9692-4998-BC55-F515A26A9A00}.Debug|Any CPU.Build.0 = Debug|Any CPU
		{CC95658A-9692-4998-BC55-F515A26A9A00}.Release|Any CPU.ActiveCfg = Release|Any CPU
		{CC95658A-9692-4998-BC55-F515A26A9A00}.Release|Any CPU.Build.0 = Release|Any CPU
		{D30867BB-E6C6-4FD6-ACB6-C86A1158D029}.Debug|Any CPU.ActiveCfg = Debug|Any CPU
		{D30867BB-E6C6-4FD6-ACB6-C86A1158D029}.Debug|Any CPU.Build.0 = Debug|Any CPU
		{D30867BB-E6C6-4FD6-ACB6-C86A1158D029}.Release|Any CPU.ActiveCfg = Release|Any CPU
		{D30867BB-E6C6-4FD6-ACB6-C86A1158D029}.Release|Any CPU.Build.0 = Release|Any CPU
		{73CD6A09-B093-45CA-BD66-B1A55E206237}.Debug|Any CPU.ActiveCfg = Debug|Any CPU
		{73CD6A09-B093-45CA-BD66-B1A55E206237}.Debug|Any CPU.Build.0 = Debug|Any CPU
		{73CD6A09-B093-45CA-BD66-B1A55E206237}.Release|Any CPU.ActiveCfg = Release|Any CPU
		{73CD6A09-B093-45CA-BD66-B1A55E206237}.Release|Any CPU.Build.0 = Release|Any CPU
	EndGlobalSection
	GlobalSection(SolutionProperties) = preSolution
		HideSolutionNode = FALSE
	EndGlobalSection
	GlobalSection(ExtensibilityGlobals) = postSolution
		SolutionGuid = {146C54D1-6D3F-4A52-ADF4-C0CFFC337B43}
	EndGlobalSection
EndGlobal
